
Microsoft Visual Studio Solution File, Format Version 12.00
# Visual Studio Version 17
VisualStudioVersion = 17.5.33530.505
MinimumVisualStudioVersion = 10.0.40219.1
Project("{FAE04EC0-301F-11D3-BF4B-00C04F79EFBC}") = "AspNetCoreWithDockerSample", "AspNetCoreWithDockerSample\AspNetCoreWithDockerSample.csproj", "{EFF083E4-0E96-436A-9DF6-9DFC0365FE13}"
EndProject
Global
	GlobalSection(SolutionConfigurationPlatforms) = preSolution
		Debug|Any CPU = Debug|Any CPU
		Release|Any CPU = Release|Any CPU
	EndGlobalSection
	GlobalSection(ProjectConfigurationPlatforms) = postSolution
		{EFF083E4-0E96-436A-9DF6-9DFC0365FE13}.Debug|Any CPU.ActiveCfg = Debug|Any CPU
		{EFF083E4-0E96-436A-9DF6-9DFC0365FE13}.Debug|Any CPU.Build.0 = Debug|Any CPU
		{EFF083E4-0E96-436A-9DF6-9DFC0365FE13}.Release|Any CPU.ActiveCfg = Release|Any CPU
		{EFF083E4-0E96-436A-9DF6-9DFC0365FE13}.Release|Any CPU.Build.0 = Release|Any CPU
	EndGlobalSection
	GlobalSection(SolutionProperties) = preSolution
		HideSolutionNode = FALSE
	EndGlobalSection
	GlobalSection(ExtensibilityGlobals) = postSolution
		SolutionGuid = {B6FDAB7B-070E-4100-866D-E45F79422F49}
	EndGlobalSection
EndGlobal
